{
  "name": "webpage",
  "lockfileVersion": 3,
  "requires": true,
  "packages": {
    "": {
      "dependencies": {
        "https-server": "^0.1.2"
      },
      "devDependencies": {
        "typescript": "^4.9.5"
      }
    },
    "node_modules/https-server": {
      "version": "0.1.2",
      "resolved": "https://registry.npmjs.org/https-server/-/https-server-0.1.2.tgz",
      "integrity": "sha512-jmSTcw4eZxGQllYkJQm1NY65wzzHL2iCZFbOgnexBtYi+oeamLfY/zwc4nHKuEi8Wy16+V2QQTUN9L7sNBh+dw=="
    },
    "node_modules/typescript": {
      "version": "4.9.5",
      "resolved": "https://registry.npmjs.org/typescript/-/typescript-4.9.5.tgz",
      "integrity": "sha512-1FXk9E2Hm+QzZQ7z+McJiHL4NW1F2EzMu9Nq9i3zAaGqibafqYwCVU6WyWAuyQRRzOlxou8xZSyXLEN8oKj24g==",
      "dev": true,
      "bin": {
        "tsc": "bin/tsc",
        "tsserver": "bin/tsserver"
      },
      "engines": {
        "node": ">=4.2.0"
      }
    }
  }
}
